
Microsoft Visual Studio Solution File, Format Version 12.00
# Visual Studio Version 17
VisualStudioVersion = 17.7.34024.191
MinimumVisualStudioVersion = 10.0.40219.1
Project("{FAE04EC0-301F-11D3-BF4B-00C04F79EFBC}") = "Product", "Product.csproj", "{16ADA918-6C04-4C03-9F19-BAA280BF84F7}"
EndProject
Global
	GlobalSection(SolutionConfigurationPlatforms) = preSolution
		Debug|Any CPU = Debug|Any CPU
		Release|Any CPU = Release|Any CPU
	EndGlobalSection
	GlobalSection(ProjectConfigurationPlatforms) = postSolution
		{16ADA918-6C04-4C03-9F19-BAA280BF84F7}.Debug|Any CPU.ActiveCfg = Debug|Any CPU
		{16ADA918-6C04-4C03-9F19-BAA280BF84F7}.Debug|Any CPU.Build.0 = Debug|Any CPU
		{16ADA918-6C04-4C03-9F19-BAA280BF84F7}.Release|Any CPU.ActiveCfg = Release|Any CPU
		{16ADA918-6C04-4C03-9F19-BAA280BF84F7}.Release|Any CPU.Build.0 = Release|Any CPU
	EndGlobalSection
	GlobalSection(SolutionProperties) = preSolution
		HideSolutionNode = FALSE
	EndGlobalSection
	GlobalSection(ExtensibilityGlobals) = postSolution
		SolutionGuid = {443792AF-2C06-4072-A0C5-691149411DC0}
	EndGlobalSection
EndGlobal
